{
  "name": "proxy-demo",
  "version": "1.0.0",
  "lockfileVersion": 2,
  "requires": true,
  "packages": {
    "": {
      "name": "proxy-demo",
      "version": "1.0.0",
      "license": "ISC",
      "dependencies": {
        "cryptr": "^4.0.2"
      }
    },
    "node_modules/cryptr": {
      "version": "4.0.2",
      "resolved": "https://registry.npmjs.org/cryptr/-/cryptr-4.0.2.tgz",
      "integrity": "sha512-gLTcYjmLGe0Kk1yyacvjNKvSdkWBNNgG2tDnbRQP7yE559x/RJLo/I3WAmwCXNXf/fzMHCNp9vDv3PCopZDpXw=="
    }
  },
  "dependencies": {
    "cryptr": {
      "version": "4.0.2",
      "resolved": "https://registry.npmjs.org/cryptr/-/cryptr-4.0.2.tgz",
      "integrity": "sha512-gLTcYjmLGe0Kk1yyacvjNKvSdkWBNNgG2tDnbRQP7yE559x/RJLo/I3WAmwCXNXf/fzMHCNp9vDv3PCopZDpXw=="
    }
  }
}
